github.com/Shopify/sarama v0.0.0-20180316135337-5e8fd95863bd h1:g0pFIcGtu5LHxgqVLuLvKjcQi7Ceo5cMoGNIFAgnYK8=
github.com/Shopify/sarama v0.0.0-20180316135337-5e8fd95863bd/go.mod h1:FVkBWblsNy7DGZRfXLU0O9RCGt5g3g3yEuWXgklEdEo=
github.com/bitly/go-nsq v0.0.0-20171030000502-8c1ff52dff6f h1:dHWpFfRWFEC9qEWs6X8D5nLV/w61EAw+eiDFl+yrz4o=
github.com/bitly/go-nsq v0.0.0-20171030000502-8c1ff52dff6f/go.mod h1:uRcXTyAr/ggVrYpmvkE4jkJNSWov99Gg4fwhhypc/P8=
github.com/corpix/formats v0.0.0-20180318014633-ca6b86539565 h1:JXeb9v8KQNvuJgfN0a75FrJi4jax9EeuoAQtPLGse6k=
github.com/corpix/formats v0.0.0-20180318014633-ca6b86539565/go.mod h1:IWGNW/7r8jc9ZFVWlx2W8ZyQ0ohVq86T21SD4Ahtos8=
github.com/corpix/loggers v0.0.0-20180220195208-6428ebad5a5e h1:MxYdCVMyhqWyBnTdZ3xTbfzxnYmRt7jxGER1LANhUcQ=
github.com/corpix/loggers v0.0.0-20180220195208-6428ebad5a5e/go.mod h1:a8E5JjTE8sCMePKQ/qf7MuvYmnrOQVzjpDvIC1Yhbeg=
github.com/cryptounicorns/queues v0.0.0-20180323221646-47d8c29d09bf h1:4tkDhxxiCW0X1gfubZvbXpxUUvhCEyvznQ1joFJYOVQ=
github.com/cryptounicorns/queues v0.0.0-20180323221646-47d8c29d09bf/go.mod h1:3gkNuRLao/+vIBto73RDjtDkraCfNHFLi8GWw/OTa2I=
github.com/cryptounicorns/websocket v0.0.0-20180323221001-47bdc6354535 h1:FF1Mzp8osfmgaT8+veWdkrBwcoehufnTvE2jOr7LjH4=
github.com/cryptounicorns/websocket v0.0.0-20180323221001-47bdc6354535/go.mod h1:ifqYEwAvlcEQzw61xJbqNawWik7HG2w2Nm9yo6U9XJU=
github.com/davecgh/go-spew v1.1.1 h1:vj9j/u1bqnvCEfJOwUhtlOARqs3+rkHYY13jYWTU97c=
github.com/davecgh/go-spew v1.1.1/go.mod h1:J7Y8YcW2NihsgmVo/mv3lAwl/skON4iLHjSsI+c5H38=
github.com/eapache/go-resiliency v0.0.0-20180101203313-ef9aaa7ea8bd h1:mmNeCH7W+3b2h3zr1ayX/G+YV0p9byuoflc0ib4jFhg=
github.com/eapache/go-resiliency v0.0.0-20180101203313-ef9aaa7ea8bd/go.mod h1:kFI+JgMyC7bLPUVY133qvEBtVayf5mFgVsvEsIPBvNs=
github.com/eapache/go-xerial-snappy v0.0.0-20160609142408-bb955e01b934 h1:oGLoaVIefp3tiOgi7+KInR/nNPvEpPM6GFo+El7fd14=
github.com/eapache/go-xerial-snappy v0.0.0-20160609142408-bb955e01b934/go.mod h1:+020luEh2TKB4/GOp8oxxtq0Daoen/Cii55CzbTV6DU=
github.com/eapache/queue v0.0.0-20180227141424-093482f3f8ce h1:wgJIjAWDwKCWtv+sEEuBOizA9xBmlOoMsP3Cs9ZDxKk=
github.com/eapache/queue v0.0.0-20180227141424-093482f3f8ce/go.mod h1:6eCeP0CKFpHLu8blIFXhExK/dRa7WDZfr6jVFPTqq+I=
github.com/golang/snappy v0.0.0-20170215233205-553a64147049 h1:K9KHZbXKpGydfDN0aZrsoHpLJlZsBrGMFWbgLDGnPZk=
github.com/golang/snappy v0.0.0-20170215233205-553a64147049/go.mod h1:/XxbfmMg8lxefKM7IXC3fBNl/7bRcc72aCRzEWrmP2Q=
github.com/gorilla/websocket v0.0.0-20180306181548-eb925808374e h1:gEBLpjLv2NAWJlThiK3YnGgK2+8iE1yM+141x9CocSU=
github.com/gorilla/websocket v0.0.0-20180306181548-eb925808374e/go.mod h1:E7qHFY5m1UJ88s3WnNqhKjPHQ0heANvMoAMk2YaljkQ=
github.com/naoina/go-stringutil v0.1.0 h1:rCUeRUHjBjGTSHl0VC00jUPLz8/F9dDzYI70Hzifhks=
github.com/naoina/go-stringutil v0.1.0/go.mod h1:XJ2SJL9jCtBh+P9q5btrd/Ylo8XwT/h1USek5+NqSA0=
github.com/naoina/toml v0.0.0-20170918210437-9fafd6967416 h1:9M852Z3gvzUmyFvy+TruhDWCwcIG3cZWg/+Eh8VkR7M=
github.com/naoina/toml v0.0.0-20170918210437-9fafd6967416/go.mod h1:NBIhNtsFMo3G2szEBne+bO4gS192HuIYRqfvOWb4i1E=
github.com/pierrec/lz4 v0.0.0-20180113151703-ed8d4cc3b461 h1:WGV4yUzeRn7LRIS8ekaOtf5p7bnqJOLob2ZWnv0UDc4=
github.com/pierrec/lz4 v0.0.0-20180113151703-ed8d4cc3b461/go.mod h1:pdkljMzZIN41W+lC3N2tnIh5sFi+IEE17M5jbnwPHcY=
github.com/pierrec/xxHash v0.0.0-20170714082455-a0006b13c722 h1:nDDVHJzMIpkkKZpBBhV60OLwII/BvZSn4PijkMEKdTo=
github.com/pierrec/xxHash v0.0.0-20170714082455-a0006b13c722/go.mod h1:w2waW5Zoa/Wc4Yqe0wgrIYAGKqRMf7czn2HNKXmuL+I=
github.com/rcrowley/go-metrics v0.0.0-20180125231941-8732c616f529 h1:QdrarV+Ze3cQpiZZ410O4mpB0WUdOgMc3Rwu8zOmLVg=
github.com/rcrowley/go-metrics v0.0.0-20180125231941-8732c616f529/go.mod h1:bCqnVzQkZxMG4s8nGwiZ5l3QUCyqpo9Y+/ZMZ9VjZe4=
github.com/sirupsen/logrus v0.0.0-20180315010703-90150a8ed11b h1:m1cItYkpJSJ3ZKPEV/XKbZTcCaJHY1qF+R9GisLZ4kw=
github.com/sirupsen/logrus v0.0.0-20180315010703-90150a8ed11b/go.mod h1:pMByvHTf9Beacp5x1UXfOR9xyW/9antXMhjMPG0dEzc=
github.com/urfave/cli v0.0.0-20180226030253-8e01ec4cd3e2 h1:98aNRvvwi7jK4ObVo/OnEKs9hw1bZ8JQNpwlB21ILD0=
github.com/urfave/cli v0.0.0-20180226030253-8e01ec4cd3e2/go.mod h1:70zkFmudgCuE/ngEzBv17Jvp/497gISqfk5gWijbERA=
golang.org/x/crypto v0.0.0-20180322175230-88942b9c40a4 h1:AJCW0rhPjFKEAoValWpqnRKxX8YV0Xvqfw+dOexCTPc=
golang.org/x/crypto v0.0.0-20180322175230-88942b9c40a4/go.mod h1:6SG95UA2DQfeDnfUPMdvaQW0Q7yPrPDi9nlGo2tz2b4=
golang.org/x/sys v0.0.0-20180322165403-91ee8cde4354 h1:m30AMpZnWY037UcT8SaLDzIVJADUqWyNfqLKjrfyoRg=
golang.org/x/sys v0.0.0-20180322165403-91ee8cde4354/go.mod h1:STP8DvDyc/dI5b8T5hshtkjS+E42TnysNCUPdjciGhY=
gopkg.in/check.v1 v0.0.0-20161208181325-20d25e280405/go.mod h1:Co6ibVJAznAaIkqp8huTwlJQCZ016jof/cbN4VW5Yz0=
gopkg.in/yaml.v2 v2.1.1 h1:fxK3tv8mQPVEgxu/S2LJ040LyqiajHt+syP0CdDS/Sc=
gopkg.in/yaml.v2 v2.1.1/go.mod h1:hI93XBmqTisBFMUTm0b8Fm+jr3Dg1NNxqwp+5A1VGuI=
